// !$*UTF8*$!
{
	archiveVersion = 1;
	classes = {
	};
	objectVersion = 46;
	objects = {

/* Begin PBXBuildFile section */
		307EEF271A57678E0098B4A5 /* main.m in Sources */ = {isa = PBXBuildFile; fileRef = 307EEF261A57678E0098B4A5 /* main.m */; };
		307EEF2A1A57678E0098B4A5 /* AppDelegate.m in Sources */ = {isa = PBXBuildFile; fileRef = 307EEF291A57678E0098B4A5 /* AppDelegate.m */; };
		307EEF2D1A57678E0098B4A5 /* ViewController.m in Sources */ = {isa = PBXBuildFile; fileRef = 307EEF2C1A57678E0098B4A5 /* ViewController.m */; };
		307EEF301A57678E0098B4A5 /* Main.storyboard in Resources */ = {isa = PBXBuildFile; fileRef = 307EEF2E1A57678E0098B4A5 /* Main.storyboard */; };
		307EEF321A57678E0098B4A5 /* Images.xcassets in Resources */ = {isa = PBXBuildFile; fileRef = 307EEF311A57678E0098B4A5 /* Images.xcassets */; };
		307EEF351A57678E0098B4A5 /* LaunchScreen.xib in Resources */ = {isa = PBXBuildFile; fileRef = 307EEF331A57678E0098B4A5 /* LaunchScreen.xib */; };
		307EEF411A57678E0098B4A5 /* pre_course_gitTests.m in Sources */ = {isa = PBXBuildFile; fileRef = 307EEF401A57678E0098B4A5 /* pre_course_gitTests.m */; };
/* End PBXBuildFile section */

/* Begin PBXContainerItemProxy section */
		307EEF3B1A57678E0098B4A5 /* PBXContainerItemProxy */ = {
			isa = PBXContainerItemProxy;
			containerPortal = 307EEF191A57678E0098B4A5 /* Project object */;
			proxyType = 1;
			remoteGlobalIDString = 307EEF201A57678E0098B4A5;
			remoteInfo = "pre-course-git";
		};
/* End PBXContainerItemProxy section */

/* Begin PBXFileReference section */
		307EEF211A57678E0098B4A5 /* pre-course-git.app */ = {isa = PBXFileReference; explicitFileType = wrapper.application; includeInIndex = 0; path = "pre-course-git.app"; sourceTree = BUILT_PRODUCTS_DIR; };
		307EEF251A57678E0098B4A5 /* Info.plist */ = {isa = PBXFileReference; lastKnownFileType = text.plist.xml; path = Info.plist; sourceTree = "<group>"; };
		307EEF261A57678E0098B4A5 /* main.m */ = {isa = PBXFileReference; lastKnownFileType = sourcecode.c.objc; path = main.m; sourceTree = "<group>"; };
		307EEF281A57678E0098B4A5 /* AppDelegate.h */ = {isa = PBXFileReference; lastKnownFileType = sourcecode.c.h; path = AppDelegate.h; sourceTree = "<group>"; };
		307EEF291A57678E0098B4A5 /* AppDelegate.m */ = {isa = PBXFileReference; lastKnownFileType = sourcecode.c.objc; path = AppDelegate.m; sourceTree = "<group>"; };
		307EEF2B1A57678E0098B4A5 /* ViewController.h */ = {isa = PBXFileReference; lastKnownFileType = sourcecode.c.h; path = ViewController.h; sourceTree = "<group>"; };
		307EEF2C1A57678E0098B4A5 /* ViewController.m */ = {isa = PBXFileReference; lastKnownFileType = sourcecode.c.objc; path = ViewController.m; sourceTree = "<group>"; };
		307EEF2F1A57678E0098B4A5 /* Base */ = {isa = PBXFileReference; lastKnownFileType = file.storyboard; name = Base; path = Base.lproj/Main.storyboard; sourceTree = "<group>"; };
		307EEF311A57678E0098B4A5 /* Images.xcassets */ = {isa = PBXFileReference; lastKnownFileType = folder.assetcatalog; path = Images.xcassets; sourceTree = "<group>"; };
		307EEF341A57678E0098B4A5 /* Base */ = {isa = PBXFileReference; lastKnownFileType = file.xib; name = Base; path = Base.lproj/LaunchScreen.xib; sourceTree = "<group>"; };
		307EEF3A1A57678E0098B4A5 /* pre-course-gitTests.xctest */ = {isa = PBXFileReference; explicitFileType = wrapper.cfbundle; includeInIndex = 0; path = "pre-course-gitTests.xctest"; sourceTree = BUILT_PRODUCTS_DIR; };
		307EEF3F1A57678E0098B4A5 /* Info.plist */ = {isa = PBXFileReference; lastKnownFileType = text.plist.xml; path = Info.plist; sourceTree = "<group>"; };
		307EEF401A57678E0098B4A5 /* pre_course_gitTests.m */ = {isa = PBXFileReference; lastKnownFileType = sourcecode.c.objc; path = pre_course_gitTests.m; sourceTree = "<group>"; };
/* End PBXFileReference section */

/* Begin PBXFrameworksBuildPhase section */
		307EEF1E1A57678E0098B4A5 /* Frameworks */ = {
			isa = PBXFrameworksBuildPhase;
			buildActionMask = 2147483647;
			files = (
			);
			runOnlyForDeploymentPostprocessing = 0;
		};
		307EEF371A57678E0098B4A5 /* Frameworks */ = {
			isa = PBXFrameworksBuildPhase;
			buildActionMask = 2147483647;
			files = (
			);
			runOnlyForDeploymentPostprocessing = 0;
		};
/* End PBXFrameworksBuildPhase section */

/* Begin PBXGroup section */
		307EEF181A57678E0098B4A5 = {
			isa = PBXGroup;
			children = (
				307EEF231A57678E0098B4A5 /* pre-course-git */,
				307EEF3D1A57678E0098B4A5 /* pre-course-gitTests */,
				307EEF221A57678E0098B4A5 /* Products */,
			);
			sourceTree = "<group>";
		};
		307EEF221A57678E0098B4A5 /* Products */ = {
			isa = PBXGroup;
			children = (
				307EEF211A57678E0098B4A5 /* pre-course-git.app */,
				307EEF3A1A57678E0098B4A5 /* pre-course-gitTests.xctest */,
			);
			name = Products;
			sourceTree = "<group>";
		};
		307EEF231A57678E0098B4A5 /* pre-course-git */ = {
			isa = PBXGroup;
			children = (
				307EEF281A57678E0098B4A5 /* AppDelegate.h */,
				307EEF291A57678E0098B4A5 /* AppDelegate.m */,
				307EEF2B1A57678E0098B4A5 /* ViewController.h */,
				307EEF2C1A57678E0098B4A5 /* ViewController.m */,
				307EEF2E1A57678E0098B4A5 /* Main.storyboard */,
				307EEF311A57678E0098B4A5 /* Images.xcassets */,
				307EEF331A57678E0098B4A5 /* LaunchScreen.xib */,
				307EEF241A57678E0098B4A5 /* Supporting Files */,
			);
			path = "pre-course-git";
			sourceTree = "<group>";
		};
		307EEF241A57678E0098B4A5 /* Supporting Files */ = {
			isa = PBXGroup;
			children = (
				307EEF251A57678E0098B4A5 /* Info.plist */,
				307EEF261A57678E0098B4A5 /* main.m */,
			);
			name = "Supporting Files";
			sourceTree = "<group>";
		};
		307EEF3D1A57678E0098B4A5 /* pre-course-gitTests */ = {
			isa = PBXGroup;
			children = (
				307EEF401A57678E0098B4A5 /* pre_course_gitTests.m */,
				307EEF3E1A57678E0098B4A5 /* Supporting Files */,
			);
			path = "pre-course-gitTests";
			sourceTree = "<group>";
		};
		307EEF3E1A57678E0098B4A5 /* Supporting Files */ = {
			isa = PBXGroup;
			children = (
				307EEF3F1A57678E0098B4A5 /* Info.plist */,
			);
			name = "Supporting Files";
			sourceTree = "<group>";
		};
/* End PBXGroup section */

/* Begin PBXNativeTarget section */
		307EEF201A57678E0098B4A5 /* pre-course-git */ = {
			isa = PBXNativeTarget;
			buildConfigurationList = 307EEF441A57678E0098B4A5 /* Build configuration list for PBXNativeTarget "pre-course-git" */;
			buildPhases = (
				307EEF1D1A57678E0098B4A5 /* Sources */,
				307EEF1E1A57678E0098B4A5 /* Frameworks */,
				307EEF1F1A57678E0098B4A5 /* Resources */,
			);
			buildRules = (
			);
			dependencies = (
			);
			name = "pre-course-git";
			productName = "pre-course-git";
			productReference = 307EEF211A57678E0098B4A5 /* pre-course-git.app */;
			productType = "com.apple.product-type.application";
		};
		307EEF391A57678E0098B4A5 /* pre-course-gitTests */ = {
			isa = PBXNativeTarget;
			buildConfigurationList = 307EEF471A57678E0098B4A5 /* Build configuration list for PBXNativeTarget "pre-course-gitTests" */;
			buildPhases = (
				307EEF361A57678E0098B4A5 /* Sources */,
				307EEF371A57678E0098B4A5 /* Frameworks */,
				307EEF381A57678E0098B4A5 /* Resources */,
			);
			buildRules = (
			);
			dependencies = (
				307EEF3C1A57678E0098B4A5 /* PBXTargetDependency */,
			);
			name = "pre-course-gitTests";
			productName = "pre-course-gitTests";
			productReference = 307EEF3A1A57678E0098B4A5 /* pre-course-gitTests.xctest */;
			productType = "com.apple.product-type.bundle.unit-test";
		};
/* End PBXNativeTarget section */

/* Begin PBXProject section */
		307EEF191A57678E0098B4A5 /* Project object */ = {
			isa = PBXProject;
			attributes = {
				LastUpgradeCheck = 0610;
				ORGANIZATIONNAME = KSL;
				TargetAttributes = {
					307EEF201A57678E0098B4A5 = {
						CreatedOnToolsVersion = 6.1.1;
					};
					307EEF391A57678E0098B4A5 = {
						CreatedOnToolsVersion = 6.1.1;
						TestTargetID = 307EEF201A57678E0098B4A5;
					};
				};
			};
			buildConfigurationList = 307EEF1C1A57678E0098B4A5 /* Build configuration list for PBXProject "pre-course-git" */;
			compatibilityVersion = "Xcode 3.2";
			developmentRegion = English;
			hasScannedForEncodings = 0;
			knownRegions = (
				en,
				Base,
			);
			mainGroup = 307EEF181A57678E0098B4A5;
			productRefGroup = 307EEF221A57678E0098B4A5 /* Products */;
			projectDirPath = "";
			projectRoot = "";
			targets = (
				307EEF201A57678E0098B4A5 /* pre-course-git */,
				307EEF391A57678E0098B4A5 /* pre-course-gitTests */,
			);
		};
/* End PBXProject section */

/* Begin PBXResourcesBuildPhase section */
		307EEF1F1A57678E0098B4A5 /* Resources */ = {
			isa = PBXResourcesBuildPhase;
			buildActionMask = 2147483647;
			files = (
				307EEF301A57678E0098B4A5 /* Main.storyboard in Resources */,
				307EEF351A57678E0098B4A5 /* LaunchScreen.xib in Resources */,
				307EEF321A57678E0098B4A5 /* Images.xcassets in Resources */,
			);
			runOnlyForDeploymentPostprocessing = 0;
		};
		307EEF381A57678E0098B4A5 /* Resources */ = {
			isa = PBXResourcesBuildPhase;
			buildActionMask = 2147483647;
			files = (
			);
			runOnlyForDeploymentPostprocessing = 0;
		};
/* End PBXResourcesBuildPhase section */

/* Begin PBXSourcesBuildPhase section */
		307EEF1D1A57678E0098B4A5 /* Sources */ = {
			isa = PBXSourcesBuildPhase;
			buildActionMask = 2147483647;
			files = (
				307EEF2D1A57678E0098B4A5 /* ViewController.m in Sources */,
				307EEF2A1A57678E0098B4A5 /* AppDelegate.m in Sources */,
				307EEF271A57678E0098B4A5 /* main.m in Sources */,
			);
			runOnlyForDeploymentPostprocessing = 0;
		};
		307EEF361A57678E0098B4A5 /* Sources */ = {
			isa = PBXSourcesBuildPhase;
			buildActionMask = 2147483647;
			files = (
				307EEF411A57678E0098B4A5 /* pre_course_gitTests.m in Sources */,
			);
			runOnlyForDeploymentPostprocessing = 0;
		};
/* End PBXSourcesBuildPhase section */

/* Begin PBXTargetDependency section */
		307EEF3C1A57678E0098B4A5 /* PBXTargetDependency */ = {
			isa = PBXTargetDependency;
			target = 307EEF201A57678E0098B4A5 /* pre-course-git */;
			targetProxy = 307EEF3B1A57678E0098B4A5 /* PBXContainerItemProxy */;
		};
/* End PBXTargetDependency section */

/* Begin PBXVariantGroup section */
		307EEF2E1A57678E0098B4A5 /* Main.storyboard */ = {
			isa = PBXVariantGroup;
			children = (
				307EEF2F1A57678E0098B4A5 /* Base */,
			);
			name = Main.storyboard;
			sourceTree = "<group>";
		};
		307EEF331A57678E0098B4A5 /* LaunchScreen.xib */ = {
			isa = PBXVariantGroup;
			children = (
				307EEF341A57678E0098B4A5 /* Base */,
			);
			name = LaunchScreen.xib;
			sourceTree = "<group>";
		};
/* End PBXVariantGroup section */

/* Begin XCBuildConfiguration section */
		307EEF421A57678E0098B4A5 /* Debug */ = {
			isa = XCBuildConfiguration;
			buildSettings = {
				ALWAYS_SEARCH_USER_PATHS = NO;
				CLANG_CXX_LANGUAGE_STANDARD = "gnu++0x";
				CLANG_CXX_LIBRARY = "libc++";
				CLANG_ENABLE_MODULES = YES;
				CLANG_ENABLE_OBJC_ARC = YES;
				CLANG_WARN_BOOL_CONVERSION = YES;
				CLANG_WARN_CONSTANT_CONVERSION = YES;
				CLANG_WARN_DIRECT_OBJC_ISA_USAGE = YES_ERROR;
				CLANG_WARN_EMPTY_BODY = YES;
				CLANG_WARN_ENUM_CONVERSION = YES;
				CLANG_WARN_INT_CONVERSION = YES;
				CLANG_WARN_OBJC_ROOT_CLASS = YES_ERROR;
				CLANG_WARN_UNREACHABLE_CODE = YES;
				CLANG_WARN__DUPLICATE_METHOD_MATCH = YES;
				"CODE_SIGN_IDENTITY[sdk=iphoneos*]" = "iPhone Developer";
				COPY_PHASE_STRIP = NO;
				ENABLE_STRICT_OBJC_MSGSEND = YES;
				GCC_C_LANGUAGE_STANDARD = gnu99;
				GCC_DYNAMIC_NO_PIC = NO;
				GCC_OPTIMIZATION_LEVEL = 0;
				GCC_PREPROCESSOR_DEFINITIONS = (
					"DEBUG=1",
					"$(inherited)",
				);
				GCC_SYMBOLS_PRIVATE_EXTERN = NO;
				GCC_WARN_64_TO_32_BIT_CONVERSION = YES;
				GCC_WARN_ABOUT_RETURN_TYPE = YES_ERROR;
				GCC_WARN_UNDECLARED_SELECTOR = YES;
				GCC_WARN_UNINITIALIZED_AUTOS = YES_AGGRESSIVE;
				GCC_WARN_UNUSED_FUNCTION = YES;
				GCC_WARN_UNUSED_VARIABLE = YES;
				IPHONEOS_DEPLOYMENT_TARGET = 8.1;
				MTL_ENABLE_DEBUG_INFO = YES;
				ONLY_ACTIVE_ARCH = YES;
				SDKROOT = iphoneos;
				TARGETED_DEVICE_FAMILY = 2;
			};
			name = Debug;
		};
		307EEF431A57678E0098B4A5 /* Release */ = {
			isa = XCBuildConfiguration;
			buildSettings = {
				ALWAYS_SEARCH_USER_PATHS = NO;
				CLANG_CXX_LANGUAGE_STANDARD = "gnu++0x";
				CLANG_CXX_LIBRARY = "libc++";
				CLANG_ENABLE_MODULES = YES;
				CLANG_ENABLE_OBJC_ARC = YES;
				CLANG_WARN_BOOL_CONVERSION = YES;
				CLANG_WARN_CONSTANT_CONVERSION = YES;
				CLANG_WARN_DIRECT_OBJC_ISA_USAGE = YES_ERROR;
				CLANG_WARN_EMPTY_BODY = YES;
				CLANG_WARN_ENUM_CONVERSION = YES;
				CLANG_WARN_INT_CONVERSION = YES;
				CLANG_WARN_OBJC_ROOT_CLASS = YES_ERROR;
				CLANG_WARN_UNREACHABLE_CODE = YES;
				CLANG_WARN__DUPLICATE_METHOD_MATCH = YES;
				"CODE_SIGN_IDENTITY[sdk=iphoneos*]" = "iPhone Developer";
				COPY_PHASE_STRIP = YES;
				ENABLE_NS_ASSERTIONS = NO;
				ENABLE_STRICT_OBJC_MSGSEND = YES;
				GCC_C_LANGUAGE_STANDARD = gnu99;
				GCC_WARN_64_TO_32_BIT_CONVERSION = YES;
				GCC_WARN_ABOUT_RETURN_TYPE = YES_ERROR;
				GCC_WARN_UNDECLARED_SELECTOR = YES;
				GCC_WARN_UNINITIALIZED_AUTOS = YES_AGGRESSIVE;
				GCC_WARN_UNUSED_FUNCTION = YES;
				GCC_WARN_UNUSED_VARIABLE = YES;
				IPHONEOS_DEPLOYMENT_TARGET = 8.1;
				MTL_ENABLE_DEBUG_INFO = NO;
				SDKROOT = iphoneos;
				TARGETED_DEVICE_FAMILY = 2;
				VALIDATE_PRODUCT = YES;
			};
			name = Release;
		};
		307EEF451A57678E0098B4A5 /* Debug */ = {
			isa = XCBuildConfiguration;
			buildSettings = {
				ASSETCATALOG_COMPILER_APPICON_NAME = AppIcon;
				INFOPLIST_FILE = "pre-course-git/Info.plist";
				LD_RUNPATH_SEARCH_PATHS = "$(inherited) @executable_path/Frameworks";
				PRODUCT_NAME = "$(TARGET_NAME)";
			};
			name = Debug;
		};
		307EEF461A57678E0098B4A5 /* Release */ = {
			isa = XCBuildConfiguration;
			buildSettings = {
				ASSETCATALOG_COMPILER_APPICON_NAME = AppIcon;
				INFOPLIST_FILE = "pre-course-git/Info.plist";
				LD_RUNPATH_SEARCH_PATHS = "$(inherited) @executable_path/Frameworks";
				PRODUCT_NAME = "$(TARGET_NAME)";
			};
			name = Release;
		};
		307EEF481A57678E0098B4A5 /* Debug */ = {
			isa = XCBuildConfiguration;
			buildSettings = {
				BUNDLE_LOADER = "$(TEST_HOST)";
				FRAMEWORK_SEARCH_PATHS = (
					"$(SDKROOT)/Developer/Library/Frameworks",
					"$(inherited)",
				);
				GCC_PREPROCESSOR_DEFINITIONS = (
					"DEBUG=1",
					"$(inherited)",
				);
				INFOPLIST_FILE = "pre-course-gitTests/Info.plist";
				LD_RUNPATH_SEARCH_PATHS = "$(inherited) @executable_path/Frameworks @loader_path/Frameworks";
				PRODUCT_NAME = "$(TARGET_NAME)";
				TEST_HOST = "$(BUILT_PRODUCTS_DIR)/pre-course-git.app/pre-course-git";
			};
			name = Debug;
		};
		307EEF491A57678E0098B4A5 /* Release */ = {
			isa = XCBuildConfiguration;
			buildSettings = {
				BUNDLE_LOADER = "$(TEST_HOST)";
				FRAMEWORK_SEARCH_PATHS = (
					"$(SDKROOT)/Developer/Library/Frameworks",
					"$(inherited)",
				);
				INFOPLIST_FILE = "pre-course-gitTests/Info.plist";
				LD_RUNPATH_SEARCH_PATHS = "$(inherited) @executable_path/Frameworks @loader_path/Frameworks";
				PRODUCT_NAME = "$(TARGET_NAME)";
				TEST_HOST = "$(BUILT_PRODUCTS_DIR)/pre-course-git.app/pre-course-git";
			};
			name = Release;
		};
/* End XCBuildConfiguration section */

/* Begin XCConfigurationList section */
		307EEF1C1A57678E0098B4A5 /* Build configuration list for PBXProject "pre-course-git" */ = {
			isa = XCConfigurationList;
			buildConfigurations = (
				307EEF421A57678E0098B4A5 /* Debug */,
				307EEF431A57678E0098B4A5 /* Release */,
			);
			defaultConfigurationIsVisible = 0;
			defaultConfigurationName = Release;
		};
		307EEF441A57678E0098B4A5 /* Build configuration list for PBXNativeTarget "pre-course-git" */ = {
			isa = XCConfigurationList;
			buildConfigurations = (
				307EEF451A57678E0098B4A5 /* Debug */,
				307EEF461A57678E0098B4A5 /* Release */,
			);
			defaultConfigurationIsVisible = 0;
		};
		307EEF471A57678E0098B4A5 /* Build configuration list for PBXNativeTarget "pre-course-gitTests" */ = {
			isa = XCConfigurationList;
			buildConfigurations = (
				307EEF481A57678E0098B4A5 /* Debug */,
				307EEF491A57678E0098B4A5 /* Release */,
			);
			defaultConfigurationIsVisible = 0;
		};
/* End XCConfigurationList section */
	};
	rootObject = 307EEF191A57678E0098B4A5 /* Project object */;
}
